// !$*UTF8*$!
{
	archiveVersion = 1;
	classes = {
	};
	objectVersion = 46;
	objects = {

/* Begin PBXBuildFile section */
		B54C5EBD14FFC867007A0E23 /* UIKit.framework in Frameworks */ = {isa = PBXBuildFile; fileRef = B54C5EBC14FFC867007A0E23 /* UIKit.framework */; };
		B54C5EBF14FFC867007A0E23 /* Foundation.framework in Frameworks */ = {isa = PBXBuildFile; fileRef = B54C5EBE14FFC867007A0E23 /* Foundation.framework */; };
		B54C5EC114FFC867007A0E23 /* CoreGraphics.framework in Frameworks */ = {isa = PBXBuildFile; fileRef = B54C5EC014FFC867007A0E23 /* CoreGraphics.framework */; };
		B54C5EC714FFC867007A0E23 /* InfoPlist.strings in Resources */ = {isa = PBXBuildFile; fileRef = B54C5EC514FFC867007A0E23 /* InfoPlist.strings */; };
		B54C5EC914FFC867007A0E23 /* main.m in Sources */ = {isa = PBXBuildFile; fileRef = B54C5EC814FFC867007A0E23 /* main.m */; };
		B54C5ECD14FFC867007A0E23 /* AppDelegate.m in Sources */ = {isa = PBXBuildFile; fileRef = B54C5ECC14FFC867007A0E23 /* AppDelegate.m */; };
		B54C5ED014FFC867007A0E23 /* MainStoryboard_iPhone.storyboard in Resources */ = {isa = PBXBuildFile; fileRef = B54C5ECE14FFC867007A0E23 /* MainStoryboard_iPhone.storyboard */; };
		B54C5ED314FFC867007A0E23 /* MainStoryboard_iPad.storyboard in Resources */ = {isa = PBXBuildFile; fileRef = B54C5ED114FFC867007A0E23 /* MainStoryboard_iPad.storyboard */; };
		B54C5ED614FFC867007A0E23 /* ViewController.m in Sources */ = {isa = PBXBuildFile; fileRef = B54C5ED514FFC867007A0E23 /* ViewController.m */; };
		B54C5EDE14FFC867007A0E23 /* SenTestingKit.framework in Frameworks */ = {isa = PBXBuildFile; fileRef = B54C5EDD14FFC867007A0E23 /* SenTestingKit.framework */; };
		B54C5EDF14FFC867007A0E23 /* UIKit.framework in Frameworks */ = {isa = PBXBuildFile; fileRef = B54C5EBC14FFC867007A0E23 /* UIKit.framework */; };
		B54C5EE014FFC867007A0E23 /* Foundation.framework in Frameworks */ = {isa = PBXBuildFile; fileRef = B54C5EBE14FFC867007A0E23 /* Foundation.framework */; };
		B54C5EE814FFC867007A0E23 /* InfoPlist.strings in Resources */ = {isa = PBXBuildFile; fileRef = B54C5EE614FFC867007A0E23 /* InfoPlist.strings */; };
		B54C5EEB14FFC867007A0E23 /* FirstTests.m in Sources */ = {isa = PBXBuildFile; fileRef = B54C5EEA14FFC867007A0E23 /* FirstTests.m */; };
/* End PBXBuildFile section */

/* Begin PBXContainerItemProxy section */
		B54C5EE114FFC867007A0E23 /* PBXContainerItemProxy */ = {
			isa = PBXContainerItemProxy;
			containerPortal = B54C5EAF14FFC867007A0E23 /* Project object */;
			proxyType = 1;
			remoteGlobalIDString = B54C5EB714FFC867007A0E23;
			remoteInfo = First;
		};
/* End PBXContainerItemProxy section */

/* Begin PBXFileReference section */
		B54C5EB814FFC867007A0E23 /* First.app */ = {isa = PBXFileReference; explicitFileType = wrapper.application; includeInIndex = 0; path = First.app; sourceTree = BUILT_PRODUCTS_DIR; };
		B54C5EBC14FFC867007A0E23 /* UIKit.framework */ = {isa = PBXFileReference; lastKnownFileType = wrapper.framework; name = UIKit.framework; path = System/Library/Frameworks/UIKit.framework; sourceTree = SDKROOT; };
		B54C5EBE14FFC867007A0E23 /* Foundation.framework */ = {isa = PBXFileReference; lastKnownFileType = wrapper.framework; name = Foundation.framework; path = System/Library/Frameworks/Foundation.framework; sourceTree = SDKROOT; };
		B54C5EC014FFC867007A0E23 /* CoreGraphics.framework */ = {isa = PBXFileReference; lastKnownFileType = wrapper.framework; name = CoreGraphics.framework; path = System/Library/Frameworks/CoreGraphics.framework; sourceTree = SDKROOT; };
		B54C5EC414FFC867007A0E23 /* First-Info.plist */ = {isa = PBXFileReference; path = "First-Info.plist"; sourceTree = "<group>"; };
		B54C5EC614FFC867007A0E23 /* en */ = {isa = PBXFileReference; lastKnownFileType = text.plist.strings; name = en; path = en.lproj/InfoPlist.strings; sourceTree = "<group>"; };
		B54C5EC814FFC867007A0E23 /* main.m */ = {isa = PBXFileReference; lastKnownFileType = sourcecode.c.objc; path = main.m; sourceTree = "<group>"; };
		B54C5ECA14FFC867007A0E23 /* First-Prefix.pch */ = {isa = PBXFileReference; path = "First-Prefix.pch"; sourceTree = "<group>"; };
		B54C5ECB14FFC867007A0E23 /* AppDelegate.h */ = {isa = PBXFileReference; path = AppDelegate.h; sourceTree = "<group>"; };
		B54C5ECC14FFC867007A0E23 /* AppDelegate.m */ = {isa = PBXFileReference; lastKnownFileType = sourcecode.c.objc; path = AppDelegate.m; sourceTree = "<group>"; };
		B54C5ECF14FFC867007A0E23 /* en */ = {isa = PBXFileReference; lastKnownFileType = file.storyboard; name = en; path = en.lproj/MainStoryboard_iPhone.storyboard; sourceTree = "<group>"; };
		B54C5ED214FFC867007A0E23 /* en */ = {isa = PBXFileReference; lastKnownFileType = file.storyboard; name = en; path = en.lproj/MainStoryboard_iPad.storyboard; sourceTree = "<group>"; };
		B54C5ED414FFC867007A0E23 /* ViewController.h */ = {isa = PBXFileReference; path = ViewController.h; sourceTree = "<group>"; };
		B54C5ED514FFC867007A0E23 /* ViewController.m */ = {isa = PBXFileReference; lastKnownFileType = sourcecode.c.objc; path = ViewController.m; sourceTree = "<group>"; };
		B54C5EDC14FFC867007A0E23 /* FirstTests.octest */ = {isa = PBXFileReference; explicitFileType = wrapper.cfbundle; includeInIndex = 0; path = FirstTests.octest; sourceTree = BUILT_PRODUCTS_DIR; };
		B54C5EDD14FFC867007A0E23 /* SenTestingKit.framework */ = {isa = PBXFileReference; lastKnownFileType = wrapper.framework; name = SenTestingKit.framework; path = Library/Frameworks/SenTestingKit.framework; sourceTree = DEVELOPER_DIR; };
		B54C5EE514FFC867007A0E23 /* FirstTests-Info.plist */ = {isa = PBXFileReference; path = "FirstTests-Info.plist"; sourceTree = "<group>"; };
		B54C5EE714FFC867007A0E23 /* en */ = {isa = PBXFileReference; lastKnownFileType = text.plist.strings; name = en; path = en.lproj/InfoPlist.strings; sourceTree = "<group>"; };
		B54C5EE914FFC867007A0E23 /* FirstTests.h */ = {isa = PBXFileReference; path = FirstTests.h; sourceTree = "<group>"; };
		B54C5EEA14FFC867007A0E23 /* FirstTests.m */ = {isa = PBXFileReference; lastKnownFileType = sourcecode.c.objc; path = FirstTests.m; sourceTree = "<group>"; };
/* End PBXFileReference section */

/* Begin PBXFrameworksBuildPhase section */
		B54C5EB514FFC867007A0E23 /* Frameworks */ = {
			isa = PBXFrameworksBuildPhase;
			buildActionMask = 2147483647;
			files = (
				B54C5EBD14FFC867007A0E23 /* UIKit.framework in Frameworks */,
				B54C5EBF14FFC867007A0E23 /* Foundation.framework in Frameworks */,
				B54C5EC114FFC867007A0E23 /* CoreGraphics.framework in Frameworks */,
			);
			runOnlyForDeploymentPostprocessing = 0;
		};
		B54C5ED814FFC867007A0E23 /* Frameworks */ = {
			isa = PBXFrameworksBuildPhase;
			buildActionMask = 2147483647;
			files = (
				B54C5EDE14FFC867007A0E23 /* SenTestingKit.framework in Frameworks */,
				B54C5EDF14FFC867007A0E23 /* UIKit.framework in Frameworks */,
				B54C5EE014FFC867007A0E23 /* Foundation.framework in Frameworks */,
			);
			runOnlyForDeploymentPostprocessing = 0;
		};
/* End PBXFrameworksBuildPhase section */

/* Begin PBXGroup section */
		B54C5EAD14FFC867007A0E23 = {
			isa = PBXGroup;
			children = (
				B54C5EC214FFC867007A0E23 /* First */,
				B54C5EE314FFC867007A0E23 /* FirstTests */,
				B54C5EBB14FFC867007A0E23 /* Frameworks */,
				B54C5EB914FFC867007A0E23 /* Products */,
			);
			sourceTree = "<group>";
		};
		B54C5EB914FFC867007A0E23 /* Products */ = {
			isa = PBXGroup;
			children = (
				B54C5EB814FFC867007A0E23 /* First.app */,
				B54C5EDC14FFC867007A0E23 /* FirstTests.octest */,
			);
			name = Products;
			sourceTree = "<group>";
		};
		B54C5EBB14FFC867007A0E23 /* Frameworks */ = {
			isa = PBXGroup;
			children = (
				B54C5EBC14FFC867007A0E23 /* UIKit.framework */,
				B54C5EBE14FFC867007A0E23 /* Foundation.framework */,
				B54C5EC014FFC867007A0E23 /* CoreGraphics.framework */,
				B54C5EDD14FFC867007A0E23 /* SenTestingKit.framework */,
			);
			name = Frameworks;
			sourceTree = "<group>";
		};
		B54C5EC214FFC867007A0E23 /* First */ = {
			isa = PBXGroup;
			children = (
				B54C5ECB14FFC867007A0E23 /* AppDelegate.h */,
				B54C5ECC14FFC867007A0E23 /* AppDelegate.m */,
				B54C5ECE14FFC867007A0E23 /* MainStoryboard_iPhone.storyboard */,
				B54C5ED114FFC867007A0E23 /* MainStoryboard_iPad.storyboard */,
				B54C5ED414FFC867007A0E23 /* ViewController.h */,
				B54C5ED514FFC867007A0E23 /* ViewController.m */,
				B54C5EC314FFC867007A0E23 /* Supporting Files */,
			);
			path = First;
			sourceTree = "<group>";
		};
		B54C5EC314FFC867007A0E23 /* Supporting Files */ = {
			isa = PBXGroup;
			children = (
				B54C5EC414FFC867007A0E23 /* First-Info.plist */,
				B54C5EC514FFC867007A0E23 /* InfoPlist.strings */,
				B54C5EC814FFC867007A0E23 /* main.m */,
				B54C5ECA14FFC867007A0E23 /* First-Prefix.pch */,
			);
			name = "Supporting Files";
			sourceTree = "<group>";
		};
		B54C5EE314FFC867007A0E23 /* FirstTests */ = {
			isa = PBXGroup;
			children = (
				B54C5EE914FFC867007A0E23 /* FirstTests.h */,
				B54C5EEA14FFC867007A0E23 /* FirstTests.m */,
				B54C5EE414FFC867007A0E23 /* Supporting Files */,
			);
			path = FirstTests;
			sourceTree = "<group>";
		};
		B54C5EE414FFC867007A0E23 /* Supporting Files */ = {
			isa = PBXGroup;
			children = (
				B54C5EE514FFC867007A0E23 /* FirstTests-Info.plist */,
				B54C5EE614FFC867007A0E23 /* InfoPlist.strings */,
			);
			name = "Supporting Files";
			sourceTree = "<group>";
		};
/* End PBXGroup section */

/* Begin PBXNativeTarget section */
		B54C5EB714FFC867007A0E23 /* First */ = {
			isa = PBXNativeTarget;
			buildConfigurationList = B54C5EEE14FFC867007A0E23 /* Build configuration list for PBXNativeTarget "First" */;
			buildPhases = (
				B54C5EB414FFC867007A0E23 /* Sources */,
				B54C5EB514FFC867007A0E23 /* Frameworks */,
				B54C5EB614FFC867007A0E23 /* Resources */,
			);
			buildRules = (
			);
			dependencies = (
			);
			name = First;
			productName = First;
			productReference = B54C5EB814FFC867007A0E23 /* First.app */;
			productType = "com.apple.product-type.application";
		};
		B54C5EDB14FFC867007A0E23 /* FirstTests */ = {
			isa = PBXNativeTarget;
			buildConfigurationList = B54C5EF114FFC867007A0E23 /* Build configuration list for PBXNativeTarget "FirstTests" */;
			buildPhases = (
				B54C5ED714FFC867007A0E23 /* Sources */,
				B54C5ED814FFC867007A0E23 /* Frameworks */,
				B54C5ED914FFC867007A0E23 /* Resources */,
				B54C5EDA14FFC867007A0E23 /* ShellScript */,
			);
			buildRules = (
			);
			dependencies = (
				B54C5EE214FFC867007A0E23 /* PBXTargetDependency */,
			);
			name = FirstTests;
			productName = FirstTests;
			productReference = B54C5EDC14FFC867007A0E23 /* FirstTests.octest */;
			productType = "com.apple.product-type.bundle";
		};
/* End PBXNativeTarget section */

/* Begin PBXProject section */
		B54C5EAF14FFC867007A0E23 /* Project object */ = {
			isa = PBXProject;
			attributes = {
				LastUpgradeCheck = 0430;
				ORGANIZATIONNAME = "snowyheater@gmail.com";
			};
			buildConfigurationList = B54C5EB214FFC867007A0E23 /* Build configuration list for PBXProject "First" */;
			compatibilityVersion = "Xcode 3.2";
			developmentRegion = English;
			hasScannedForEncodings = 0;
			knownRegions = (
				en,
			);
			mainGroup = B54C5EAD14FFC867007A0E23;
			productRefGroup = B54C5EB914FFC867007A0E23 /* Products */;
			projectDirPath = "";
			projectRoot = "";
			targets = (
				B54C5EB714FFC867007A0E23 /* First */,
				B54C5EDB14FFC867007A0E23 /* FirstTests */,
			);
		};
/* End PBXProject section */

/* Begin PBXResourcesBuildPhase section */
		B54C5EB614FFC867007A0E23 /* Resources */ = {
			isa = PBXResourcesBuildPhase;
			buildActionMask = 2147483647;
			files = (
				B54C5EC714FFC867007A0E23 /* InfoPlist.strings in Resources */,
				B54C5ED014FFC867007A0E23 /* MainStoryboard_iPhone.storyboard in Resources */,
				B54C5ED314FFC867007A0E23 /* MainStoryboard_iPad.storyboard in Resources */,
			);
			runOnlyForDeploymentPostprocessing = 0;
		};
		B54C5ED914FFC867007A0E23 /* Resources */ = {
			isa = PBXResourcesBuildPhase;
			buildActionMask = 2147483647;
			files = (
				B54C5EE814FFC867007A0E23 /* InfoPlist.strings in Resources */,
			);
			runOnlyForDeploymentPostprocessing = 0;
		};
/* End PBXResourcesBuildPhase section */

/* Begin PBXShellScriptBuildPhase section */
		B54C5EDA14FFC867007A0E23 /* ShellScript */ = {
			isa = PBXShellScriptBuildPhase;
			buildActionMask = 2147483647;
			files = (
			);
			inputPaths = (
			);
			outputPaths = (
			);
			runOnlyForDeploymentPostprocessing = 0;
			shellPath = /bin/sh;
			shellScript = "# Run the unit tests in this test bundle.\n\"${SYSTEM_DEVELOPER_DIR}/Tools/RunUnitTests\"\n";
		};
/* End PBXShellScriptBuildPhase section */

/* Begin PBXSourcesBuildPhase section */
		B54C5EB414FFC867007A0E23 /* Sources */ = {
			isa = PBXSourcesBuildPhase;
			buildActionMask = 2147483647;
			files = (
				B54C5EC914FFC867007A0E23 /* main.m in Sources */,
				B54C5ECD14FFC867007A0E23 /* AppDelegate.m in Sources */,
				B54C5ED614FFC867007A0E23 /* ViewController.m in Sources */,
			);
			runOnlyForDeploymentPostprocessing = 0;
		};
		B54C5ED714FFC867007A0E23 /* Sources */ = {
			isa = PBXSourcesBuildPhase;
			buildActionMask = 2147483647;
			files = (
				B54C5EEB14FFC867007A0E23 /* FirstTests.m in Sources */,
			);
			runOnlyForDeploymentPostprocessing = 0;
		};
/* End PBXSourcesBuildPhase section */

/* Begin PBXTargetDependency section */
		B54C5EE214FFC867007A0E23 /* PBXTargetDependency */ = {
			isa = PBXTargetDependency;
			target = B54C5EB714FFC867007A0E23 /* First */;
			targetProxy = B54C5EE114FFC867007A0E23 /* PBXContainerItemProxy */;
		};
/* End PBXTargetDependency section */

/* Begin PBXVariantGroup section */
		B54C5EC514FFC867007A0E23 /* InfoPlist.strings */ = {
			isa = PBXVariantGroup;
			children = (
				B54C5EC614FFC867007A0E23 /* en */,
			);
			name = InfoPlist.strings;
			sourceTree = "<group>";
		};
		B54C5ECE14FFC867007A0E23 /* MainStoryboard_iPhone.storyboard */ = {
			isa = PBXVariantGroup;
			children = (
				B54C5ECF14FFC867007A0E23 /* en */,
			);
			name = MainStoryboard_iPhone.storyboard;
			sourceTree = "<group>";
		};
		B54C5ED114FFC867007A0E23 /* MainStoryboard_iPad.storyboard */ = {
			isa = PBXVariantGroup;
			children = (
				B54C5ED214FFC867007A0E23 /* en */,
			);
			name = MainStoryboard_iPad.storyboard;
			sourceTree = "<group>";
		};
		B54C5EE614FFC867007A0E23 /* InfoPlist.strings */ = {
			isa = PBXVariantGroup;
			children = (
				B54C5EE714FFC867007A0E23 /* en */,
			);
			name = InfoPlist.strings;
			sourceTree = "<group>";
		};
/* End PBXVariantGroup section */

/* Begin XCBuildConfiguration section */
		B54C5EEC14FFC867007A0E23 /* Debug */ = {
			isa = XCBuildConfiguration;
			buildSettings = {
				ALWAYS_SEARCH_USER_PATHS = NO;
				ARCHS = "$(ARCHS_STANDARD_32_BIT)";
				CLANG_ENABLE_OBJC_ARC = YES;
				"CODE_SIGN_IDENTITY[sdk=iphoneos*]" = "iPhone Developer";
				COPY_PHASE_STRIP = NO;
				GCC_C_LANGUAGE_STANDARD = gnu99;
				GCC_DYNAMIC_NO_PIC = NO;
				GCC_OPTIMIZATION_LEVEL = 0;
				GCC_PREPROCESSOR_DEFINITIONS = (
					"DEBUG=1",
					"$(inherited)",
				);
				GCC_SYMBOLS_PRIVATE_EXTERN = NO;
				GCC_VERSION = com.apple.compilers.llvm.clang.1_0;
				GCC_WARN_ABOUT_RETURN_TYPE = YES;
				GCC_WARN_UNINITIALIZED_AUTOS = YES;
				GCC_WARN_UNUSED_VARIABLE = YES;
				IPHONEOS_DEPLOYMENT_TARGET = 5.0;
				SDKROOT = iphoneos;
				TARGETED_DEVICE_FAMILY = "1,2";
			};
			name = Debug;
		};
		B54C5EED14FFC867007A0E23 /* Release */ = {
			isa = XCBuildConfiguration;
			buildSettings = {
				ALWAYS_SEARCH_USER_PATHS = NO;
				ARCHS = "$(ARCHS_STANDARD_32_BIT)";
				CLANG_ENABLE_OBJC_ARC = YES;
				"CODE_SIGN_IDENTITY[sdk=iphoneos*]" = "iPhone Developer";
				COPY_PHASE_STRIP = YES;
				GCC_C_LANGUAGE_STANDARD = gnu99;
				GCC_VERSION = com.apple.compilers.llvm.clang.1_0;
				GCC_WARN_ABOUT_RETURN_TYPE = YES;
				GCC_WARN_UNINITIALIZED_AUTOS = YES;
				GCC_WARN_UNUSED_VARIABLE = YES;
				IPHONEOS_DEPLOYMENT_TARGET = 5.0;
				OTHER_CFLAGS = "-DNS_BLOCK_ASSERTIONS=1";
				SDKROOT = iphoneos;
				TARGETED_DEVICE_FAMILY = "1,2";
				VALIDATE_PRODUCT = YES;
			};
			name = Release;
		};
		B54C5EEF14FFC867007A0E23 /* Debug */ = {
			isa = XCBuildConfiguration;
			buildSettings = {
				GCC_PRECOMPILE_PREFIX_HEADER = YES;
				GCC_PREFIX_HEADER = "First/First-Prefix.pch";
				INFOPLIST_FILE = "First/First-Info.plist";
				PRODUCT_NAME = "$(TARGET_NAME)";
				WRAPPER_EXTENSION = app;
			};
			name = Debug;
		};
		B54C5EF014FFC867007A0E23 /* Release */ = {
			isa = XCBuildConfiguration;
			buildSettings = {
				GCC_PRECOMPILE_PREFIX_HEADER = YES;
				GCC_PREFIX_HEADER = "First/First-Prefix.pch";
				INFOPLIST_FILE = "First/First-Info.plist";
				PRODUCT_NAME = "$(TARGET_NAME)";
				WRAPPER_EXTENSION = app;
			};
			name = Release;
		};
		B54C5EF214FFC867007A0E23 /* Debug */ = {
			isa = XCBuildConfiguration;
			buildSettings = {
				BUNDLE_LOADER = "$(BUILT_PRODUCTS_DIR)/First.app/First";
				FRAMEWORK_SEARCH_PATHS = (
					"$(SDKROOT)/Developer/Library/Frameworks",
					"$(DEVELOPER_LIBRARY_DIR)/Frameworks",
				);
				GCC_PRECOMPILE_PREFIX_HEADER = YES;
				GCC_PREFIX_HEADER = "First/First-Prefix.pch";
				INFOPLIST_FILE = "FirstTests/FirstTests-Info.plist";
				PRODUCT_NAME = "$(TARGET_NAME)";
				TEST_HOST = "$(BUNDLE_LOADER)";
				WRAPPER_EXTENSION = octest;
			};
			name = Debug;
		};
		B54C5EF314FFC867007A0E23 /* Release */ = {
			isa = XCBuildConfiguration;
			buildSettings = {
				BUNDLE_LOADER = "$(BUILT_PRODUCTS_DIR)/First.app/First";
				FRAMEWORK_SEARCH_PATHS = (
					"$(SDKROOT)/Developer/Library/Frameworks",
					"$(DEVELOPER_LIBRARY_DIR)/Frameworks",
				);
				GCC_PRECOMPILE_PREFIX_HEADER = YES;
				GCC_PREFIX_HEADER = "First/First-Prefix.pch";
				INFOPLIST_FILE = "FirstTests/FirstTests-Info.plist";
				PRODUCT_NAME = "$(TARGET_NAME)";
				TEST_HOST = "$(BUNDLE_LOADER)";
				WRAPPER_EXTENSION = octest;
			};
			name = Release;
		};
/* End XCBuildConfiguration section */

/* Begin XCConfigurationList section */
		B54C5EB214FFC867007A0E23 /* Build configuration list for PBXProject "First" */ = {
			isa = XCConfigurationList;
			buildConfigurations = (
				B54C5EEC14FFC867007A0E23 /* Debug */,
				B54C5EED14FFC867007A0E23 /* Release */,
			);
			defaultConfigurationIsVisible = 0;
			defaultConfigurationName = Release;
		};
		B54C5EEE14FFC867007A0E23 /* Build configuration list for PBXNativeTarget "First" */ = {
			isa = XCConfigurationList;
			buildConfigurations = (
				B54C5EEF14FFC867007A0E23 /* Debug */,
				B54C5EF014FFC867007A0E23 /* Release */,
			);
			defaultConfigurationIsVisible = 0;
		};
		B54C5EF114FFC867007A0E23 /* Build configuration list for PBXNativeTarget "FirstTests" */ = {
			isa = XCConfigurationList;
			buildConfigurations = (
				B54C5EF214FFC867007A0E23 /* Debug */,
				B54C5EF314FFC867007A0E23 /* Release */,
			);
			defaultConfigurationIsVisible = 0;
		};
/* End XCConfigurationList section */
	};
	rootObject = B54C5EAF14FFC867007A0E23 /* Project object */;
}
